PODS:
  - SideMenu (2.2.0)
  - SwiftyButton (0.6.0)

DEPENDENCIES:
  - SideMenu
  - SwiftyButton

SPEC CHECKSUMS:
  SideMenu: eeff6b85456c5c6e14165655691d2033f6b24969
  SwiftyButton: 4c9b61c499f172971a1b8c2eebbbdc20a26d8a08

PODFILE CHECKSUM: c702940fa8bbb2ecb1734ec84f262d33d3c7d7f3

COCOAPODS: 1.2.0
